{
  "name": "ngx-leader-line",
  "version": "0.0.1",
  "lockfileVersion": 1,
  "requires": true,
  "dependencies": {
    "leader-line": {
      "version": "1.0.5",
      "resolved": "https://registry.npmjs.org/leader-line/-/leader-line-1.0.5.tgz",
      "integrity": "sha512-OHA4YmCO7LcvnQ9u4AWUrmuIzOE1/pxOzA2eHmb0DhtoKlEf0xiBm5aYtv77OmmMeW5xnbE1G6Hayp/vrtMOmw=="
    },
    "leader-line-types": {
      "version": "1.0.5-2",
      "resolved": "https://registry.npmjs.org/leader-line-types/-/leader-line-types-1.0.5-2.tgz",
      "integrity": "sha512-FpFuK12XJSG29mm07fL53aOWaRERUKBUWOkeCMPEwo6+hf5rMB7Re5uJoxtAOVls/h+yHMd7SXtq8u3d3lsQCQ==",
      "dev": true
    }
  }
}
